// !$*UTF8*$!
{
	archiveVersion = 1;
	classes = {
	};
	objectVersion = 50;
	objects = {

/* Begin PBXBuildFile section */
		151E567026A5F4BB005D7D05 /* AppDelegate.swift in Sources */ = {isa = PBXBuildFile; fileRef = 151E566F26A5F4BB005D7D05 /* AppDelegate.swift */; };
		151E567226A5F4BB005D7D05 /* SceneDelegate.swift in Sources */ = {isa = PBXBuildFile; fileRef = 151E567126A5F4BB005D7D05 /* SceneDelegate.swift */; };
		151E567926A5F4BF005D7D05 /* Assets.xcassets in Resources */ = {isa = PBXBuildFile; fileRef = 151E567826A5F4BF005D7D05 /* Assets.xcassets */; };
		151E567C26A5F4BF005D7D05 /* LaunchScreen.storyboard in Resources */ = {isa = PBXBuildFile; fileRef = 151E567A26A5F4BF005D7D05 /* LaunchScreen.storyboard */; };
		151E569226A5F4BF005D7D05 /* GBShopUITests.swift in Sources */ = {isa = PBXBuildFile; fileRef = 151E569126A5F4BF005D7D05 /* GBShopUITests.swift */; };
		151E56B826AF38E2005D7D05 /* AbstractErrorParser.swift in Sources */ = {isa = PBXBuildFile; fileRef = 151E56B726AF38E1005D7D05 /* AbstractErrorParser.swift */; };
		151E56C026AF3A01005D7D05 /* ErrorParser.swift in Sources */ = {isa = PBXBuildFile; fileRef = 151E56BF26AF3A01005D7D05 /* ErrorParser.swift */; };
		151E56C526AF3FD6005D7D05 /* LoginResult.swift in Sources */ = {isa = PBXBuildFile; fileRef = 151E56C426AF3FD6005D7D05 /* LoginResult.swift */; };
		151E56CA26AF3FE0005D7D05 /* User.swift in Sources */ = {isa = PBXBuildFile; fileRef = 151E56C926AF3FE0005D7D05 /* User.swift */; };
		151E56CF26AF4300005D7D05 /* RequestRouter.swift in Sources */ = {isa = PBXBuildFile; fileRef = 151E56CE26AF4300005D7D05 /* RequestRouter.swift */; };
		151E56DC26AF4B0F005D7D05 /* AbstractRequestFactory.swift in Sources */ = {isa = PBXBuildFile; fileRef = 151E56DB26AF4B0F005D7D05 /* AbstractRequestFactory.swift */; };
		151E56E226AF4B4C005D7D05 /* AuthRequestFactory.swift in Sources */ = {isa = PBXBuildFile; fileRef = 151E56E126AF4B4C005D7D05 /* AuthRequestFactory.swift */; };
		151E56EA26AF4B63005D7D05 /* Auth.swift in Sources */ = {isa = PBXBuildFile; fileRef = 151E56E926AF4B63005D7D05 /* Auth.swift */; };
		151E56EF26AF4B79005D7D05 /* RequestFactory.swift in Sources */ = {isa = PBXBuildFile; fileRef = 151E56EE26AF4B79005D7D05 /* RequestFactory.swift */; };
		151E56F726B1B5BE005D7D05 /* DataRequest.swift in Sources */ = {isa = PBXBuildFile; fileRef = 151E56F626B1B5BE005D7D05 /* DataRequest.swift */; };
		151E56FF26B1E6F6005D7D05 /* RegisterUserResult.swift in Sources */ = {isa = PBXBuildFile; fileRef = 151E56FE26B1E6F6005D7D05 /* RegisterUserResult.swift */; };
		151E570726B1ED83005D7D05 /* LogoutResult.swift in Sources */ = {isa = PBXBuildFile; fileRef = 151E570626B1ED83005D7D05 /* LogoutResult.swift */; };
		151E570C26B1EF77005D7D05 /* ChangeUserDataResult.swift in Sources */ = {isa = PBXBuildFile; fileRef = 151E570B26B1EF77005D7D05 /* ChangeUserDataResult.swift */; };
		151E571C26B3B031005D7D05 /* UserData.swift in Sources */ = {isa = PBXBuildFile; fileRef = 151E571B26B3B031005D7D05 /* UserData.swift */; };
		1553D85426DD4C96009E7D56 /* AppLaunchManager.swift in Sources */ = {isa = PBXBuildFile; fileRef = 1553D85326DD4C96009E7D56 /* AppLaunchManager.swift */; };
		1553D85A26DD5086009E7D56 /* LoginViewController.swift in Sources */ = {isa = PBXBuildFile; fileRef = 1553D85926DD5086009E7D56 /* LoginViewController.swift */; };
		1553D87526DD59E3009E7D56 /* LoginView.swift in Sources */ = {isa = PBXBuildFile; fileRef = 1553D87426DD59E3009E7D56 /* LoginView.swift */; };
		1553D88126DEA0B9009E7D56 /* UIColor+Style.swift in Sources */ = {isa = PBXBuildFile; fileRef = 1553D88026DEA0B9009E7D56 /* UIColor+Style.swift */; };
		15581B8C26D1EFF9007034B0 /* ReviewsTests.swift in Sources */ = {isa = PBXBuildFile; fileRef = 15581B8B26D1EFF9007034B0 /* ReviewsTests.swift */; };
		15581B9126D1F511007034B0 /* RequestFactoryTests.swift in Sources */ = {isa = PBXBuildFile; fileRef = 15581B9026D1F511007034B0 /* RequestFactoryTests.swift */; };
		15581B9726DB6EC8007034B0 /* AddToCartRequstBody.swift in Sources */ = {isa = PBXBuildFile; fileRef = 15581B9626DB6EC8007034B0 /* AddToCartRequstBody.swift */; };
		15581B9D26DB6F5D007034B0 /* CartRequestFactory.swift in Sources */ = {isa = PBXBuildFile; fileRef = 15581B9C26DB6F5D007034B0 /* CartRequestFactory.swift */; };
		15581BA226DB706E007034B0 /* Cart.swift in Sources */ = {isa = PBXBuildFile; fileRef = 15581BA126DB706E007034B0 /* Cart.swift */; };
		15581BA726DB7311007034B0 /* CartTests.swift in Sources */ = {isa = PBXBuildFile; fileRef = 15581BA626DB7311007034B0 /* CartTests.swift */; };
		158EC0B126BAF9B50082D5B8 /* DataRequestTests.swift in Sources */ = {isa = PBXBuildFile; fileRef = 158EC0B026BAF9B50082D5B8 /* DataRequestTests.swift */; };
		158EC0BE26BB930E0082D5B8 /* ErrorParserTests.swift in Sources */ = {isa = PBXBuildFile; fileRef = 158EC0BD26BB930E0082D5B8 /* ErrorParserTests.swift */; };
		15C1568D26D0B74D00960101 /* Review.swift in Sources */ = {isa = PBXBuildFile; fileRef = 15C1568C26D0B74C00960101 /* Review.swift */; };
		15C1569226D0B9E500960101 /* ReviewsResult.swift in Sources */ = {isa = PBXBuildFile; fileRef = 15C1569126D0B9E500960101 /* ReviewsResult.swift */; };
		15C1569826D0BAE900960101 /* ReviewsRequestFactory.swift in Sources */ = {isa = PBXBuildFile; fileRef = 15C1569726D0BAE900960101 /* ReviewsRequestFactory.swift */; };
		15C1569D26D0BCC800960101 /* StandardResult.swift in Sources */ = {isa = PBXBuildFile; fileRef = 15C1569C26D0BCC800960101 /* StandardResult.swift */; };
		15C156A226D0C20B00960101 /* Reviews.swift in Sources */ = {isa = PBXBuildFile; fileRef = 15C156A126D0C20B00960101 /* Reviews.swift */; };
		15C156A726D0CECF00960101 /* AddReviewRequestBody.swift in Sources */ = {isa = PBXBuildFile; fileRef = 15C156A626D0CECF00960101 /* AddReviewRequestBody.swift */; };
		15E70C8226BC4AAC00F59ED3 /* AuthTests.swift in Sources */ = {isa = PBXBuildFile; fileRef = 15E70C8126BC4AAC00F59ED3 /* AuthTests.swift */; };
		15E70C8726BC5F6700F59ED3 /* RequestRouterTests.swift in Sources */ = {isa = PBXBuildFile; fileRef = 15E70C8626BC5F6700F59ED3 /* RequestRouterTests.swift */; };
		15E70C8D26BE54A400F59ED3 /* Product.swift in Sources */ = {isa = PBXBuildFile; fileRef = 15E70C8C26BE54A400F59ED3 /* Product.swift */; };
		15E70C9526BE55C000F59ED3 /* ProductResult.swift in Sources */ = {isa = PBXBuildFile; fileRef = 15E70C9426BE55C000F59ED3 /* ProductResult.swift */; };
		15E70C9B26BE566A00F59ED3 /* GoodsRequestFactory.swift in Sources */ = {isa = PBXBuildFile; fileRef = 15E70C9A26BE566A00F59ED3 /* GoodsRequestFactory.swift */; };
		15E70CA326BE572300F59ED3 /* Goods.swift in Sources */ = {isa = PBXBuildFile; fileRef = 15E70CA226BE572300F59ED3 /* Goods.swift */; };
		15E70CB026BF9B4500F59ED3 /* GoodsTests.swift in Sources */ = {isa = PBXBuildFile; fileRef = 15E70CAF26BF9B4400F59ED3 /* GoodsTests.swift */; };
		53C7A9E775FF555A61C1EB9F /* Pods_GBShop.framework in Frameworks */ = {isa = PBXBuildFile; fileRef = E8580FFC4B49593B732E618C /* Pods_GBShop.framework */; };
		9AE253A916C75D128E418031 /* Pods_GBShop_GBShopUITests.framework in Frameworks */ = {isa = PBXBuildFile; fileRef = FFEB549A62FDCC5A33D11D64 /* Pods_GBShop_GBShopUITests.framework */; };
		CF190A4BF69A39A17F81EB23 /* Pods_GBShopTests.framework in Frameworks */ = {isa = PBXBuildFile; fileRef = 43929019432B1D3198D4B52E /* Pods_GBShopTests.framework */; };
/* End PBXBuildFile section */

/* Begin PBXContainerItemProxy section */
		151E568326A5F4BF005D7D05 /* PBXContainerItemProxy */ = {
			isa = PBXContainerItemProxy;
			containerPortal = 151E566426A5F4BB005D7D05 /* Project object */;
			proxyType = 1;
			remoteGlobalIDString = 151E566B26A5F4BB005D7D05;
			remoteInfo = GBShop;
		};
		151E568E26A5F4BF005D7D05 /* PBXContainerItemProxy */ = {
			isa = PBXContainerItemProxy;
			containerPortal = 151E566426A5F4BB005D7D05 /* Project object */;
			proxyType = 1;
			remoteGlobalIDString = 151E566B26A5F4BB005D7D05;
			remoteInfo = GBShop;
		};
/* End PBXContainerItemProxy section */

/* Begin PBXFileReference section */
		0190428E1C4FBF68A2EDFA26 /* Pods-GBShop.debug.xcconfig */ = {isa = PBXFileReference; includeInIndex = 1; lastKnownFileType = text.xcconfig; name = "Pods-GBShop.debug.xcconfig"; path = "Target Support Files/Pods-GBShop/Pods-GBShop.debug.xcconfig"; sourceTree = "<group>"; };
		01A2644458D34A6B73FC8975 /* Pods-GBShop-GBShopUITests.debug.xcconfig */ = {isa = PBXFileReference; includeInIndex = 1; lastKnownFileType = text.xcconfig; name = "Pods-GBShop-GBShopUITests.debug.xcconfig"; path = "Target Support Files/Pods-GBShop-GBShopUITests/Pods-GBShop-GBShopUITests.debug.xcconfig"; sourceTree = "<group>"; };
		151E566C26A5F4BB005D7D05 /* GBShop.app */ = {isa = PBXFileReference; explicitFileType = wrapper.application; includeInIndex = 0; path = GBShop.app; sourceTree = BUILT_PRODUCTS_DIR; };
		151E566F26A5F4BB005D7D05 /* AppDelegate.swift */ = {isa = PBXFileReference; lastKnownFileType = sourcecode.swift; path = AppDelegate.swift; sourceTree = "<group>"; };
		151E567126A5F4BB005D7D05 /* SceneDelegate.swift */ = {isa = PBXFileReference; lastKnownFileType = sourcecode.swift; path = SceneDelegate.swift; sourceTree = "<group>"; };
		151E567826A5F4BF005D7D05 /* Assets.xcassets */ = {isa = PBXFileReference; lastKnownFileType = folder.assetcatalog; path = Assets.xcassets; sourceTree = "<group>"; };
		151E567B26A5F4BF005D7D05 /* Base */ = {isa = PBXFileReference; lastKnownFileType = file.storyboard; name = Base; path = Base.lproj/LaunchScreen.storyboard; sourceTree = "<group>"; };
		151E567D26A5F4BF005D7D05 /* Info.plist */ = {isa = PBXFileReference; lastKnownFileType = text.plist.xml; path = Info.plist; sourceTree = "<group>"; };
		151E568226A5F4BF005D7D05 /* GBShopTests.xctest */ = {isa = PBXFileReference; explicitFileType = wrapper.cfbundle; includeInIndex = 0; path = GBShopTests.xctest; sourceTree = BUILT_PRODUCTS_DIR; };
		151E568826A5F4BF005D7D05 /* Info.plist */ = {isa = PBXFileReference; lastKnownFileType = text.plist.xml; path = Info.plist; sourceTree = "<group>"; };
		151E568D26A5F4BF005D7D05 /* GBShopUITests.xctest */ = {isa = PBXFileReference; explicitFileType = wrapper.cfbundle; includeInIndex = 0; path = GBShopUITests.xctest; sourceTree = BUILT_PRODUCTS_DIR; };
		151E569126A5F4BF005D7D05 /* GBShopUITests.swift */ = {isa = PBXFileReference; lastKnownFileType = sourcecode.swift; path = GBShopUITests.swift; sourceTree = "<group>"; };
		151E569326A5F4BF005D7D05 /* Info.plist */ = {isa = PBXFileReference; lastKnownFileType = text.plist.xml; path = Info.plist; sourceTree = "<group>"; };
		151E56B726AF38E1005D7D05 /* AbstractErrorParser.swift */ = {isa = PBXFileReference; lastKnownFileType = sourcecode.swift; path = AbstractErrorParser.swift; sourceTree = "<group>"; };
		151E56BF26AF3A01005D7D05 /* ErrorParser.swift */ = {isa = PBXFileReference; lastKnownFileType = sourcecode.swift; path = ErrorParser.swift; sourceTree = "<group>"; };
		151E56C426AF3FD6005D7D05 /* LoginResult.swift */ = {isa = PBXFileReference; lastKnownFileType = sourcecode.swift; path = LoginResult.swift; sourceTree = "<group>"; };
		151E56C926AF3FE0005D7D05 /* User.swift */ = {isa = PBXFileReference; lastKnownFileType = sourcecode.swift; path = User.swift; sourceTree = "<group>"; };
		151E56CE26AF4300005D7D05 /* RequestRouter.swift */ = {isa = PBXFileReference; lastKnownFileType = sourcecode.swift; path = RequestRouter.swift; sourceTree = "<group>"; };
		151E56DB26AF4B0F005D7D05 /* AbstractRequestFactory.swift */ = {isa = PBXFileReference; lastKnownFileType = sourcecode.swift; path = AbstractRequestFactory.swift; sourceTree = "<group>"; };
		151E56E126AF4B4C005D7D05 /* AuthRequestFactory.swift */ = {isa = PBXFileReference; lastKnownFileType = sourcecode.swift; path = AuthRequestFactory.swift; sourceTree = "<group>"; };
		151E56E926AF4B63005D7D05 /* Auth.swift */ = {isa = PBXFileReference; lastKnownFileType = sourcecode.swift; path = Auth.swift; sourceTree = "<group>"; };
		151E56EE26AF4B79005D7D05 /* RequestFactory.swift */ = {isa = PBXFileReference; lastKnownFileType = sourcecode.swift; path = RequestFactory.swift; sourceTree = "<group>"; };
		151E56F626B1B5BE005D7D05 /* DataRequest.swift */ = {isa = PBXFileReference; lastKnownFileType = sourcecode.swift; path = DataRequest.swift; sourceTree = "<group>"; };
		151E56FE26B1E6F6005D7D05 /* RegisterUserResult.swift */ = {isa = PBXFileReference; lastKnownFileType = sourcecode.swift; path = RegisterUserResult.swift; sourceTree = "<group>"; };
		151E570626B1ED83005D7D05 /* LogoutResult.swift */ = {isa = PBXFileReference; lastKnownFileType = sourcecode.swift; path = LogoutResult.swift; sourceTree = "<group>"; };
		151E570B26B1EF77005D7D05 /* ChangeUserDataResult.swift */ = {isa = PBXFileReference; lastKnownFileType = sourcecode.swift; path = ChangeUserDataResult.swift; sourceTree = "<group>"; };
		151E571B26B3B031005D7D05 /* UserData.swift */ = {isa = PBXFileReference; lastKnownFileType = sourcecode.swift; path = UserData.swift; sourceTree = "<group>"; };
		1553D85326DD4C96009E7D56 /* AppLaunchManager.swift */ = {isa = PBXFileReference; lastKnownFileType = sourcecode.swift; path = AppLaunchManager.swift; sourceTree = "<group>"; };
		1553D85926DD5086009E7D56 /* LoginViewController.swift */ = {isa = PBXFileReference; lastKnownFileType = sourcecode.swift; path = LoginViewController.swift; sourceTree = "<group>"; };
		1553D87426DD59E3009E7D56 /* LoginView.swift */ = {isa = PBXFileReference; lastKnownFileType = sourcecode.swift; path = LoginView.swift; sourceTree = "<group>"; };
		1553D88026DEA0B9009E7D56 /* UIColor+Style.swift */ = {isa = PBXFileReference; lastKnownFileType = sourcecode.swift; path = "UIColor+Style.swift"; sourceTree = "<group>"; };
		15581B8B26D1EFF9007034B0 /* ReviewsTests.swift */ = {isa = PBXFileReference; lastKnownFileType = sourcecode.swift; path = ReviewsTests.swift; sourceTree = "<group>"; };
		15581B9026D1F511007034B0 /* RequestFactoryTests.swift */ = {isa = PBXFileReference; lastKnownFileType = sourcecode.swift; path = RequestFactoryTests.swift; sourceTree = "<group>"; };
		15581B9626DB6EC8007034B0 /* AddToCartRequstBody.swift */ = {isa = PBXFileReference; lastKnownFileType = sourcecode.swift; path = AddToCartRequstBody.swift; sourceTree = "<group>"; };
		15581B9C26DB6F5D007034B0 /* CartRequestFactory.swift */ = {isa = PBXFileReference; lastKnownFileType = sourcecode.swift; path = CartRequestFactory.swift; sourceTree = "<group>"; };
		15581BA126DB706E007034B0 /* Cart.swift */ = {isa = PBXFileReference; lastKnownFileType = sourcecode.swift; path = Cart.swift; sourceTree = "<group>"; };
		15581BA626DB7311007034B0 /* CartTests.swift */ = {isa = PBXFileReference; lastKnownFileType = sourcecode.swift; path = CartTests.swift; sourceTree = "<group>"; };
		158EC0B026BAF9B50082D5B8 /* DataRequestTests.swift */ = {isa = PBXFileReference; lastKnownFileType = sourcecode.swift; path = DataRequestTests.swift; sourceTree = "<group>"; };
		158EC0BD26BB930E0082D5B8 /* ErrorParserTests.swift */ = {isa = PBXFileReference; lastKnownFileType = sourcecode.swift; path = ErrorParserTests.swift; sourceTree = "<group>"; };
		15C1568C26D0B74C00960101 /* Review.swift */ = {isa = PBXFileReference; lastKnownFileType = sourcecode.swift; path = Review.swift; sourceTree = "<group>"; };
		15C1569126D0B9E500960101 /* ReviewsResult.swift */ = {isa = PBXFileReference; lastKnownFileType = sourcecode.swift; path = ReviewsResult.swift; sourceTree = "<group>"; };
		15C1569726D0BAE900960101 /* ReviewsRequestFactory.swift */ = {isa = PBXFileReference; lastKnownFileType = sourcecode.swift; path = ReviewsRequestFactory.swift; sourceTree = "<group>"; };
		15C1569C26D0BCC800960101 /* StandardResult.swift */ = {isa = PBXFileReference; lastKnownFileType = sourcecode.swift; path = StandardResult.swift; sourceTree = "<group>"; };
		15C156A126D0C20B00960101 /* Reviews.swift */ = {isa = PBXFileReference; lastKnownFileType = sourcecode.swift; path = Reviews.swift; sourceTree = "<group>"; };
		15C156A626D0CECF00960101 /* AddReviewRequestBody.swift */ = {isa = PBXFileReference; lastKnownFileType = sourcecode.swift; path = AddReviewRequestBody.swift; sourceTree = "<group>"; };
		15E70C8126BC4AAC00F59ED3 /* AuthTests.swift */ = {isa = PBXFileReference; lastKnownFileType = sourcecode.swift; path = AuthTests.swift; sourceTree = "<group>"; };
		15E70C8626BC5F6700F59ED3 /* RequestRouterTests.swift */ = {isa = PBXFileReference; lastKnownFileType = sourcecode.swift; path = RequestRouterTests.swift; sourceTree = "<group>"; };
		15E70C8C26BE54A400F59ED3 /* Product.swift */ = {isa = PBXFileReference; lastKnownFileType = sourcecode.swift; path = Product.swift; sourceTree = "<group>"; };
		15E70C9426BE55C000F59ED3 /* ProductResult.swift */ = {isa = PBXFileReference; lastKnownFileType = sourcecode.swift; path = ProductResult.swift; sourceTree = "<group>"; };
		15E70C9A26BE566A00F59ED3 /* GoodsRequestFactory.swift */ = {isa = PBXFileReference; lastKnownFileType = sourcecode.swift; path = GoodsRequestFactory.swift; sourceTree = "<group>"; };
		15E70CA226BE572300F59ED3 /* Goods.swift */ = {isa = PBXFileReference; lastKnownFileType = sourcecode.swift; path = Goods.swift; sourceTree = "<group>"; };
		15E70CAF26BF9B4400F59ED3 /* GoodsTests.swift */ = {isa = PBXFileReference; lastKnownFileType = sourcecode.swift; path = GoodsTests.swift; sourceTree = "<group>"; };
		43929019432B1D3198D4B52E /* Pods_GBShopTests.framework */ = {isa = PBXFileReference; explicitFileType = wrapper.framework; includeInIndex = 0; path = Pods_GBShopTests.framework; sourceTree = BUILT_PRODUCTS_DIR; };
		44484735F9A4A9DA12975A28 /* Pods-GBShop.release.xcconfig */ = {isa = PBXFileReference; includeInIndex = 1; lastKnownFileType = text.xcconfig; name = "Pods-GBShop.release.xcconfig"; path = "Target Support Files/Pods-GBShop/Pods-GBShop.release.xcconfig"; sourceTree = "<group>"; };
		705876A7CDC09F14D9E7D00E /* Pods-GBShopTests.release.xcconfig */ = {isa = PBXFileReference; includeInIndex = 1; lastKnownFileType = text.xcconfig; name = "Pods-GBShopTests.release.xcconfig"; path = "Target Support Files/Pods-GBShopTests/Pods-GBShopTests.release.xcconfig"; sourceTree = "<group>"; };
		9D904EDD33ADE750AC93110D /* Pods-GBShopTests.debug.xcconfig */ = {isa = PBXFileReference; includeInIndex = 1; lastKnownFileType = text.xcconfig; name = "Pods-GBShopTests.debug.xcconfig"; path = "Target Support Files/Pods-GBShopTests/Pods-GBShopTests.debug.xcconfig"; sourceTree = "<group>"; };
		C771DEA305C8FC626BDF9F86 /* Pods-GBShop-GBShopUITests.release.xcconfig */ = {isa = PBXFileReference; includeInIndex = 1; lastKnownFileType = text.xcconfig; name = "Pods-GBShop-GBShopUITests.release.xcconfig"; path = "Target Support Files/Pods-GBShop-GBShopUITests/Pods-GBShop-GBShopUITests.release.xcconfig"; sourceTree = "<group>"; };
		E8580FFC4B49593B732E618C /* Pods_GBShop.framework */ = {isa = PBXFileReference; explicitFileType = wrapper.framework; includeInIndex = 0; path = Pods_GBShop.framework; sourceTree = BUILT_PRODUCTS_DIR; };
		FFEB549A62FDCC5A33D11D64 /* Pods_GBShop_GBShopUITests.framework */ = {isa = PBXFileReference; explicitFileType = wrapper.framework; includeInIndex = 0; path = Pods_GBShop_GBShopUITests.framework; sourceTree = BUILT_PRODUCTS_DIR; };
/* End PBXFileReference section */

/* Begin PBXFrameworksBuildPhase section */
		151E566926A5F4BB005D7D05 /* Frameworks */ = {
			isa = PBXFrameworksBuildPhase;
			buildActionMask = 2147483647;
			files = (
				53C7A9E775FF555A61C1EB9F /* Pods_GBShop.framework in Frameworks */,
			);
			runOnlyForDeploymentPostprocessing = 0;
		};
		151E567F26A5F4BF005D7D05 /* Frameworks */ = {
			isa = PBXFrameworksBuildPhase;
			buildActionMask = 2147483647;
			files = (
				CF190A4BF69A39A17F81EB23 /* Pods_GBShopTests.framework in Frameworks */,
			);
			runOnlyForDeploymentPostprocessing = 0;
		};
		151E568A26A5F4BF005D7D05 /* Frameworks */ = {
			isa = PBXFrameworksBuildPhase;
			buildActionMask = 2147483647;
			files = (
				9AE253A916C75D128E418031 /* Pods_GBShop_GBShopUITests.framework in Frameworks */,
			);
			runOnlyForDeploymentPostprocessing = 0;
		};
/* End PBXFrameworksBuildPhase section */

/* Begin PBXGroup section */
		151E566326A5F4BB005D7D05 = {
			isa = PBXGroup;
			children = (
				151E566E26A5F4BB005D7D05 /* GBShop */,
				151E568526A5F4BF005D7D05 /* GBShopTests */,
				151E569026A5F4BF005D7D05 /* GBShopUITests */,
				151E566D26A5F4BB005D7D05 /* Products */,
				AFCDBF6ABF74E2339CB24665 /* Pods */,
				AD9B2969B502AA323540CDFB /* Frameworks */,
			);
			sourceTree = "<group>";
		};
		151E566D26A5F4BB005D7D05 /* Products */ = {
			isa = PBXGroup;
			children = (
				151E566C26A5F4BB005D7D05 /* GBShop.app */,
				151E568226A5F4BF005D7D05 /* GBShopTests.xctest */,
				151E568D26A5F4BF005D7D05 /* GBShopUITests.xctest */,
			);
			name = Products;
			sourceTree = "<group>";
		};
		151E566E26A5F4BB005D7D05 /* GBShop */ = {
			isa = PBXGroup;
			children = (
				151E56A226A5FAC2005D7D05 /* App */,
				151E56A726A5FB0E005D7D05 /* Core */,
				151E56A926A5FB22005D7D05 /* Environments */,
				151E56A826A5FB13005D7D05 /* Resources */,
			);
			path = GBShop;
			sourceTree = "<group>";
		};
		151E568526A5F4BF005D7D05 /* GBShopTests */ = {
			isa = PBXGroup;
			children = (
				151E568826A5F4BF005D7D05 /* Info.plist */,
				158EC0B026BAF9B50082D5B8 /* DataRequestTests.swift */,
				15E70C8126BC4AAC00F59ED3 /* AuthTests.swift */,
				15E70CAF26BF9B4400F59ED3 /* GoodsTests.swift */,
				15581BA626DB7311007034B0 /* CartTests.swift */,
				15581B8B26D1EFF9007034B0 /* ReviewsTests.swift */,
				15E70C8626BC5F6700F59ED3 /* RequestRouterTests.swift */,
				15581B9026D1F511007034B0 /* RequestFactoryTests.swift */,
				158EC0BD26BB930E0082D5B8 /* ErrorParserTests.swift */,
			);
			path = GBShopTests;
			sourceTree = "<group>";
		};
		151E569026A5F4BF005D7D05 /* GBShopUITests */ = {
			isa = PBXGroup;
			children = (
				151E569126A5F4BF005D7D05 /* GBShopUITests.swift */,
				151E569326A5F4BF005D7D05 /* Info.plist */,
			);
			path = GBShopUITests;
			sourceTree = "<group>";
		};
		151E56A226A5FAC2005D7D05 /* App */ = {
			isa = PBXGroup;
			children = (
				151E566F26A5F4BB005D7D05 /* AppDelegate.swift */,
				151E567126A5F4BB005D7D05 /* SceneDelegate.swift */,
				151E56A626A5FB00005D7D05 /* Flows */,
				151E56A526A5FAF0005D7D05 /* Assembly */,
				151E56A426A5FAE4005D7D05 /* Entity */,
				151E56A326A5FACE005D7D05 /* BusinessLogic */,
			);
			path = App;
			sourceTree = "<group>";
		};
		151E56A326A5FACE005D7D05 /* BusinessLogic */ = {
			isa = PBXGroup;
			children = (
				151E56E026AF4B34005D7D05 /* Network */,
			);
			path = BusinessLogic;
			sourceTree = "<group>";
		};
		151E56A426A5FAE4005D7D05 /* Entity */ = {
			isa = PBXGroup;
			children = (
				15C1569C26D0BCC800960101 /* StandardResult.swift */,
				15581B9526DB6E4B007034B0 /* Cart */,
				15C1568B26D0B72100960101 /* Reviews */,
				15E70C8B26BE546900F59ED3 /* Goods */,
				151E571426B1F069005D7D05 /* Auth */,
			);
			path = Entity;
			sourceTree = "<group>";
		};
		151E56A526A5FAF0005D7D05 /* Assembly */ = {
			isa = PBXGroup;
			children = (
			);
			path = Assembly;
			sourceTree = "<group>";
		};
		151E56A626A5FB00005D7D05 /* Flows */ = {
			isa = PBXGroup;
			children = (
				1553D85826DD5027009E7D56 /* Auth */,
			);
			path = Flows;
			sourceTree = "<group>";
		};
		151E56A726A5FB0E005D7D05 /* Core */ = {
			isa = PBXGroup;
			children = (
				1553D87F26DE9E7D009E7D56 /* Extensions */,
				1553D84E26DD4C05009E7D56 /* Services */,
				151E56B626AF383D005D7D05 /* Network */,
			);
			path = Core;
			sourceTree = "<group>";
		};
		151E56A826A5FB13005D7D05 /* Resources */ = {
			isa = PBXGroup;
			children = (
				151E567A26A5F4BF005D7D05 /* LaunchScreen.storyboard */,
				151E567826A5F4BF005D7D05 /* Assets.xcassets */,
			);
			path = Resources;
			sourceTree = "<group>";
		};
		151E56A926A5FB22005D7D05 /* Environments */ = {
			isa = PBXGroup;
			children = (
				151E567D26A5F4BF005D7D05 /* Info.plist */,
			);
			path = Environments;
			sourceTree = "<group>";
		};
		151E56B626AF383D005D7D05 /* Network */ = {
			isa = PBXGroup;
			children = (
				151E56B726AF38E1005D7D05 /* AbstractErrorParser.swift */,
				151E56DB26AF4B0F005D7D05 /* AbstractRequestFactory.swift */,
				151E56BF26AF3A01005D7D05 /* ErrorParser.swift */,
				151E56CE26AF4300005D7D05 /* RequestRouter.swift */,
				151E56F626B1B5BE005D7D05 /* DataRequest.swift */,
			);
			path = Network;
			sourceTree = "<group>";
		};
		151E56E026AF4B34005D7D05 /* Network */ = {
			isa = PBXGroup;
			children = (
				15581B9B26DB6F26007034B0 /* Cart */,
				15C1569626D0BABA00960101 /* Reviews */,
				15E70C9926BE563400F59ED3 /* Goods */,
				151E571026B1F04A005D7D05 /* Auth */,
				151E56EE26AF4B79005D7D05 /* RequestFactory.swift */,
			);
			path = Network;
			sourceTree = "<group>";
		};
		151E571026B1F04A005D7D05 /* Auth */ = {
			isa = PBXGroup;
			children = (
				151E56E126AF4B4C005D7D05 /* AuthRequestFactory.swift */,
				151E56E926AF4B63005D7D05 /* Auth.swift */,
			);
			path = Auth;
			sourceTree = "<group>";
		};
		151E571426B1F069005D7D05 /* Auth */ = {
			isa = PBXGroup;
			children = (
				151E56C426AF3FD6005D7D05 /* LoginResult.swift */,
				151E571B26B3B031005D7D05 /* UserData.swift */,
				151E570B26B1EF77005D7D05 /* ChangeUserDataResult.swift */,
				151E570626B1ED83005D7D05 /* LogoutResult.swift */,
				151E56FE26B1E6F6005D7D05 /* RegisterUserResult.swift */,
				151E56C926AF3FE0005D7D05 /* User.swift */,
			);
			path = Auth;
			sourceTree = "<group>";
		};
		1553D84E26DD4C05009E7D56 /* Services */ = {
			isa = PBXGroup;
			children = (
				1553D84F26DD4C5E009E7D56 /* AppLaunchManager */,
			);
			path = Services;
			sourceTree = "<group>";
		};
		1553D84F26DD4C5E009E7D56 /* AppLaunchManager */ = {
			isa = PBXGroup;
			children = (
				1553D85326DD4C96009E7D56 /* AppLaunchManager.swift */,
			);
			path = AppLaunchManager;
			sourceTree = "<group>";
		};
		1553D85826DD5027009E7D56 /* Auth */ = {
			isa = PBXGroup;
			children = (
				1553D87326DD59C1009E7D56 /* Views */,
				1553D86126DD508D009E7D56 /* Controllers */,
			);
			path = Auth;
			sourceTree = "<group>";
		};
		1553D86126DD508D009E7D56 /* Controllers */ = {
			isa = PBXGroup;
			children = (
				1553D85926DD5086009E7D56 /* LoginViewController.swift */,
			);
			path = Controllers;
			sourceTree = "<group>";
		};
		1553D87326DD59C1009E7D56 /* Views */ = {
			isa = PBXGroup;
			children = (
				1553D87426DD59E3009E7D56 /* LoginView.swift */,
			);
			path = Views;
			sourceTree = "<group>";
		};
		1553D87F26DE9E7D009E7D56 /* Extensions */ = {
			isa = PBXGroup;
			children = (
				1553D88026DEA0B9009E7D56 /* UIColor+Style.swift */,
			);
			path = Extensions;
			sourceTree = "<group>";
		};
		15581B9526DB6E4B007034B0 /* Cart */ = {
			isa = PBXGroup;
			children = (
				15581B9626DB6EC8007034B0 /* AddToCartRequstBody.swift */,
			);
			path = Cart;
			sourceTree = "<group>";
		};
		15581B9B26DB6F26007034B0 /* Cart */ = {
			isa = PBXGroup;
			children = (
				15581B9C26DB6F5D007034B0 /* CartRequestFactory.swift */,
				15581BA126DB706E007034B0 /* Cart.swift */,
			);
			path = Cart;
			sourceTree = "<group>";
		};
		15C1568B26D0B72100960101 /* Reviews */ = {
			isa = PBXGroup;
			children = (
				15C1568C26D0B74C00960101 /* Review.swift */,
				15C1569126D0B9E500960101 /* ReviewsResult.swift */,
				15C156A626D0CECF00960101 /* AddReviewRequestBody.swift */,
			);
			path = Reviews;
			sourceTree = "<group>";
		};
		15C1569626D0BABA00960101 /* Reviews */ = {
			isa = PBXGroup;
			children = (
				15C1569726D0BAE900960101 /* ReviewsRequestFactory.swift */,
				15C156A126D0C20B00960101 /* Reviews.swift */,
			);
			path = Reviews;
			sourceTree = "<group>";
		};
		15E70C8B26BE546900F59ED3 /* Goods */ = {
			isa = PBXGroup;
			children = (
				15E70C8C26BE54A400F59ED3 /* Product.swift */,
				15E70C9426BE55C000F59ED3 /* ProductResult.swift */,
			);
			path = Goods;
			sourceTree = "<group>";
		};
		15E70C9926BE563400F59ED3 /* Goods */ = {
			isa = PBXGroup;
			children = (
				15E70C9A26BE566A00F59ED3 /* GoodsRequestFactory.swift */,
				15E70CA226BE572300F59ED3 /* Goods.swift */,
			);
			path = Goods;
			sourceTree = "<group>";
		};
		AD9B2969B502AA323540CDFB /* Frameworks */ = {
			isa = PBXGroup;
			children = (
				E8580FFC4B49593B732E618C /* Pods_GBShop.framework */,
				FFEB549A62FDCC5A33D11D64 /* Pods_GBShop_GBShopUITests.framework */,
				43929019432B1D3198D4B52E /* Pods_GBShopTests.framework */,
			);
			name = Frameworks;
			sourceTree = "<group>";
		};
		AFCDBF6ABF74E2339CB24665 /* Pods */ = {
			isa = PBXGroup;
			children = (
				0190428E1C4FBF68A2EDFA26 /* Pods-GBShop.debug.xcconfig */,
				44484735F9A4A9DA12975A28 /* Pods-GBShop.release.xcconfig */,
				01A2644458D34A6B73FC8975 /* Pods-GBShop-GBShopUITests.debug.xcconfig */,
				C771DEA305C8FC626BDF9F86 /* Pods-GBShop-GBShopUITests.release.xcconfig */,
				9D904EDD33ADE750AC93110D /* Pods-GBShopTests.debug.xcconfig */,
				705876A7CDC09F14D9E7D00E /* Pods-GBShopTests.release.xcconfig */,
			);
			path = Pods;
			sourceTree = "<group>";
		};
/* End PBXGroup section */

/* Begin PBXNativeTarget section */
		151E566B26A5F4BB005D7D05 /* GBShop */ = {
			isa = PBXNativeTarget;
			buildConfigurationList = 151E569626A5F4BF005D7D05 /* Build configuration list for PBXNativeTarget "GBShop" */;
			buildPhases = (
				B81CCA522BE6AED1E70C3263 /* [CP] Check Pods Manifest.lock */,
				151E566826A5F4BB005D7D05 /* Sources */,
				151E566926A5F4BB005D7D05 /* Frameworks */,
				151E566A26A5F4BB005D7D05 /* Resources */,
				15B8D1AB26CECD8300297951 /* SwiftLint */,
			);
			buildRules = (
			);
			dependencies = (
			);
			name = GBShop;
			productName = GBShop;
			productReference = 151E566C26A5F4BB005D7D05 /* GBShop.app */;
			productType = "com.apple.product-type.application";
		};
		151E568126A5F4BF005D7D05 /* GBShopTests */ = {
			isa = PBXNativeTarget;
			buildConfigurationList = 151E569926A5F4BF005D7D05 /* Build configuration list for PBXNativeTarget "GBShopTests" */;
			buildPhases = (
				9B1EBAAA71F979D1C7FFA5AF /* [CP] Check Pods Manifest.lock */,
				151E567E26A5F4BF005D7D05 /* Sources */,
				151E567F26A5F4BF005D7D05 /* Frameworks */,
				151E568026A5F4BF005D7D05 /* Resources */,
			);
			buildRules = (
			);
			dependencies = (
				151E568426A5F4BF005D7D05 /* PBXTargetDependency */,
			);
			name = GBShopTests;
			productName = GBShopTests;
			productReference = 151E568226A5F4BF005D7D05 /* GBShopTests.xctest */;
			productType = "com.apple.product-type.bundle.unit-test";
		};
		151E568C26A5F4BF005D7D05 /* GBShopUITests */ = {
			isa = PBXNativeTarget;
			buildConfigurationList = 151E569C26A5F4BF005D7D05 /* Build configuration list for PBXNativeTarget "GBShopUITests" */;
			buildPhases = (
				546C15EA8546BA7AA174555E /* [CP] Check Pods Manifest.lock */,
				151E568926A5F4BF005D7D05 /* Sources */,
				151E568A26A5F4BF005D7D05 /* Frameworks */,
				151E568B26A5F4BF005D7D05 /* Resources */,
			);
			buildRules = (
			);
			dependencies = (
				151E568F26A5F4BF005D7D05 /* PBXTargetDependency */,
			);
			name = GBShopUITests;
			productName = GBShopUITests;
			productReference = 151E568D26A5F4BF005D7D05 /* GBShopUITests.xctest */;
			productType = "com.apple.product-type.bundle.ui-testing";
		};
/* End PBXNativeTarget section */

/* Begin PBXProject section */
		151E566426A5F4BB005D7D05 /* Project object */ = {
			isa = PBXProject;
			attributes = {
				LastSwiftUpdateCheck = 1210;
				LastUpgradeCheck = 1210;
				TargetAttributes = {
					151E566B26A5F4BB005D7D05 = {
						CreatedOnToolsVersion = 12.1;
					};
					151E568126A5F4BF005D7D05 = {
						CreatedOnToolsVersion = 12.1;
						TestTargetID = 151E566B26A5F4BB005D7D05;
					};
					151E568C26A5F4BF005D7D05 = {
						CreatedOnToolsVersion = 12.1;
						TestTargetID = 151E566B26A5F4BB005D7D05;
					};
				};
			};
			buildConfigurationList = 151E566726A5F4BB005D7D05 /* Build configuration list for PBXProject "GBShop" */;
			compatibilityVersion = "Xcode 9.3";
			developmentRegion = en;
			hasScannedForEncodings = 0;
			knownRegions = (
				en,
				Base,
			);
			mainGroup = 151E566326A5F4BB005D7D05;
			productRefGroup = 151E566D26A5F4BB005D7D05 /* Products */;
			projectDirPath = "";
			projectRoot = "";
			targets = (
				151E566B26A5F4BB005D7D05 /* GBShop */,
				151E568126A5F4BF005D7D05 /* GBShopTests */,
				151E568C26A5F4BF005D7D05 /* GBShopUITests */,
			);
		};
/* End PBXProject section */

/* Begin PBXResourcesBuildPhase section */
		151E566A26A5F4BB005D7D05 /* Resources */ = {
			isa = PBXResourcesBuildPhase;
			buildActionMask = 2147483647;
			files = (
				151E567C26A5F4BF005D7D05 /* LaunchScreen.storyboard in Resources */,
				151E567926A5F4BF005D7D05 /* Assets.xcassets in Resources */,
			);
			runOnlyForDeploymentPostprocessing = 0;
		};
		151E568026A5F4BF005D7D05 /* Resources */ = {
			isa = PBXResourcesBuildPhase;
			buildActionMask = 2147483647;
			files = (
			);
			runOnlyForDeploymentPostprocessing = 0;
		};
		151E568B26A5F4BF005D7D05 /* Resources */ = {
			isa = PBXResourcesBuildPhase;
			buildActionMask = 2147483647;
			files = (
			);
			runOnlyForDeploymentPostprocessing = 0;
		};
/* End PBXResourcesBuildPhase section */

/* Begin PBXShellScriptBuildPhase section */
		15B8D1AB26CECD8300297951 /* SwiftLint */ = {
			isa = PBXShellScriptBuildPhase;
			buildActionMask = 2147483647;
			files = (
			);
			inputFileListPaths = (
			);
			inputPaths = (
			);
			name = SwiftLint;
			outputFileListPaths = (
			);
			outputPaths = (
			);
			runOnlyForDeploymentPostprocessing = 0;
			shellPath = /bin/sh;
			shellScript = "\"${PODS_ROOT}/SwiftLint/swiftlint\"\n";
		};
		546C15EA8546BA7AA174555E /* [CP] Check Pods Manifest.lock */ = {
			isa = PBXShellScriptBuildPhase;
			buildActionMask = 2147483647;
			files = (
			);
			inputFileListPaths = (
			);
			inputPaths = (
				"${PODS_PODFILE_DIR_PATH}/Podfile.lock",
				"${PODS_ROOT}/Manifest.lock",
			);
			name = "[CP] Check Pods Manifest.lock";
			outputFileListPaths = (
			);
			outputPaths = (
				"$(DERIVED_FILE_DIR)/Pods-GBShop-GBShopUITests-checkManifestLockResult.txt",
			);
			runOnlyForDeploymentPostprocessing = 0;
			shellPath = /bin/sh;
			shellScript = "diff \"${PODS_PODFILE_DIR_PATH}/Podfile.lock\" \"${PODS_ROOT}/Manifest.lock\" > /dev/null\nif [ $? != 0 ] ; then\n    # print error to STDERR\n    echo \"error: The sandbox is not in sync with the Podfile.lock. Run 'pod install' or update your CocoaPods installation.\" >&2\n    exit 1\nfi\n# This output is used by Xcode 'outputs' to avoid re-running this script phase.\necho \"SUCCESS\" > \"${SCRIPT_OUTPUT_FILE_0}\"\n";
			showEnvVarsInLog = 0;
		};
		9B1EBAAA71F979D1C7FFA5AF /* [CP] Check Pods Manifest.lock */ = {
			isa = PBXShellScriptBuildPhase;
			buildActionMask = 2147483647;
			files = (
			);
			inputFileListPaths = (
			);
			inputPaths = (
				"${PODS_PODFILE_DIR_PATH}/Podfile.lock",
				"${PODS_ROOT}/Manifest.lock",
			);
			name = "[CP] Check Pods Manifest.lock";
			outputFileListPaths = (
			);
			outputPaths = (
				"$(DERIVED_FILE_DIR)/Pods-GBShopTests-checkManifestLockResult.txt",
			);
			runOnlyForDeploymentPostprocessing = 0;
			shellPath = /bin/sh;
			shellScript = "diff \"${PODS_PODFILE_DIR_PATH}/Podfile.lock\" \"${PODS_ROOT}/Manifest.lock\" > /dev/null\nif [ $? != 0 ] ; then\n    # print error to STDERR\n    echo \"error: The sandbox is not in sync with the Podfile.lock. Run 'pod install' or update your CocoaPods installation.\" >&2\n    exit 1\nfi\n# This output is used by Xcode 'outputs' to avoid re-running this script phase.\necho \"SUCCESS\" > \"${SCRIPT_OUTPUT_FILE_0}\"\n";
			showEnvVarsInLog = 0;
		};
		B81CCA522BE6AED1E70C3263 /* [CP] Check Pods Manifest.lock */ = {
			isa = PBXShellScriptBuildPhase;
			buildActionMask = 2147483647;
			files = (
			);
			inputFileListPaths = (
			);
			inputPaths = (
				"${PODS_PODFILE_DIR_PATH}/Podfile.lock",
				"${PODS_ROOT}/Manifest.lock",
			);
			name = "[CP] Check Pods Manifest.lock";
			outputFileListPaths = (
			);
			outputPaths = (
				"$(DERIVED_FILE_DIR)/Pods-GBShop-checkManifestLockResult.txt",
			);
			runOnlyForDeploymentPostprocessing = 0;
			shellPath = /bin/sh;
			shellScript = "diff \"${PODS_PODFILE_DIR_PATH}/Podfile.lock\" \"${PODS_ROOT}/Manifest.lock\" > /dev/null\nif [ $? != 0 ] ; then\n    # print error to STDERR\n    echo \"error: The sandbox is not in sync with the Podfile.lock. Run 'pod install' or update your CocoaPods installation.\" >&2\n    exit 1\nfi\n# This output is used by Xcode 'outputs' to avoid re-running this script phase.\necho \"SUCCESS\" > \"${SCRIPT_OUTPUT_FILE_0}\"\n";
			showEnvVarsInLog = 0;
		};
/* End PBXShellScriptBuildPhase section */

/* Begin PBXSourcesBuildPhase section */
		151E566826A5F4BB005D7D05 /* Sources */ = {
			isa = PBXSourcesBuildPhase;
			buildActionMask = 2147483647;
			files = (
				15581BA226DB706E007034B0 /* Cart.swift in Sources */,
				151E56EF26AF4B79005D7D05 /* RequestFactory.swift in Sources */,
				15C156A226D0C20B00960101 /* Reviews.swift in Sources */,
				1553D88126DEA0B9009E7D56 /* UIColor+Style.swift in Sources */,
				151E56B826AF38E2005D7D05 /* AbstractErrorParser.swift in Sources */,
				15C1568D26D0B74D00960101 /* Review.swift in Sources */,
				151E571C26B3B031005D7D05 /* UserData.swift in Sources */,
				151E570C26B1EF77005D7D05 /* ChangeUserDataResult.swift in Sources */,
				151E570726B1ED83005D7D05 /* LogoutResult.swift in Sources */,
				15E70C8D26BE54A400F59ED3 /* Product.swift in Sources */,
				151E56DC26AF4B0F005D7D05 /* AbstractRequestFactory.swift in Sources */,
				151E56FF26B1E6F6005D7D05 /* RegisterUserResult.swift in Sources */,
				151E56E226AF4B4C005D7D05 /* AuthRequestFactory.swift in Sources */,
				151E567026A5F4BB005D7D05 /* AppDelegate.swift in Sources */,
				1553D85A26DD5086009E7D56 /* LoginViewController.swift in Sources */,
				151E56CF26AF4300005D7D05 /* RequestRouter.swift in Sources */,
				151E56EA26AF4B63005D7D05 /* Auth.swift in Sources */,
				15581B9D26DB6F5D007034B0 /* CartRequestFactory.swift in Sources */,
				15E70C9B26BE566A00F59ED3 /* GoodsRequestFactory.swift in Sources */,
				15C1569226D0B9E500960101 /* ReviewsResult.swift in Sources */,
				15C156A726D0CECF00960101 /* AddReviewRequestBody.swift in Sources */,
				151E56F726B1B5BE005D7D05 /* DataRequest.swift in Sources */,
				151E56CA26AF3FE0005D7D05 /* User.swift in Sources */,
				15E70C9526BE55C000F59ED3 /* ProductResult.swift in Sources */,
				1553D85426DD4C96009E7D56 /* AppLaunchManager.swift in Sources */,
				15581B9726DB6EC8007034B0 /* AddToCartRequstBody.swift in Sources */,
				151E56C526AF3FD6005D7D05 /* LoginResult.swift in Sources */,
				15C1569826D0BAE900960101 /* ReviewsRequestFactory.swift in Sources */,
				151E567226A5F4BB005D7D05 /* SceneDelegate.swift in Sources */,
				15E70CA326BE572300F59ED3 /* Goods.swift in Sources */,
				151E56C026AF3A01005D7D05 /* ErrorParser.swift in Sources */,
				1553D87526DD59E3009E7D56 /* LoginView.swift in Sources */,
				15C1569D26D0BCC800960101 /* StandardResult.swift in Sources */,
			);
			runOnlyForDeploymentPostprocessing = 0;
		};
		151E567E26A5F4BF005D7D05 /* Sources */ = {
			isa = PBXSourcesBuildPhase;
			buildActionMask = 2147483647;
			files = (
				15E70C8726BC5F6700F59ED3 /* RequestRouterTests.swift in Sources */,
				158EC0B126BAF9B50082D5B8 /* DataRequestTests.swift in Sources */,
				15E70CB026BF9B4500F59ED3 /* GoodsTests.swift in Sources */,
				15E70C8226BC4AAC00F59ED3 /* AuthTests.swift in Sources */,
				158EC0BE26BB930E0082D5B8 /* ErrorParserTests.swift in Sources */,
				15581B8C26D1EFF9007034B0 /* ReviewsTests.swift in Sources */,
				15581B9126D1F511007034B0 /* RequestFactoryTests.swift in Sources */,
				15581BA726DB7311007034B0 /* CartTests.swift in Sources */,
			);
			runOnlyForDeploymentPostprocessing = 0;
		};
		151E568926A5F4BF005D7D05 /* Sources */ = {
			isa = PBXSourcesBuildPhase;
			buildActionMask = 2147483647;
			files = (
				151E569226A5F4BF005D7D05 /* GBShopUITests.swift in Sources */,
			);
			runOnlyForDeploymentPostprocessing = 0;
		};
/* End PBXSourcesBuildPhase section */

/* Begin PBXTargetDependency section */
		151E568426A5F4BF005D7D05 /* PBXTargetDependency */ = {
			isa = PBXTargetDependency;
			target = 151E566B26A5F4BB005D7D05 /* GBShop */;
			targetProxy = 151E568326A5F4BF005D7D05 /* PBXContainerItemProxy */;
		};
		151E568F26A5F4BF005D7D05 /* PBXTargetDependency */ = {
			isa = PBXTargetDependency;
			target = 151E566B26A5F4BB005D7D05 /* GBShop */;
			targetProxy = 151E568E26A5F4BF005D7D05 /* PBXContainerItemProxy */;
		};
/* End PBXTargetDependency section */

/* Begin PBXVariantGroup section */
		151E567A26A5F4BF005D7D05 /* LaunchScreen.storyboard */ = {
			isa = PBXVariantGroup;
			children = (
				151E567B26A5F4BF005D7D05 /* Base */,
			);
			name = LaunchScreen.storyboard;
			sourceTree = "<group>";
		};
/* End PBXVariantGroup section */

/* Begin XCBuildConfiguration section */
		151E569426A5F4BF005D7D05 /* Debug */ = {
			isa = XCBuildConfiguration;
			buildSettings = {
				ALWAYS_SEARCH_USER_PATHS = NO;
				CLANG_ANALYZER_NONNULL = YES;
				CLANG_ANALYZER_NUMBER_OBJECT_CONVERSION = YES_AGGRESSIVE;
				CLANG_CXX_LANGUAGE_STANDARD = "gnu++14";
				CLANG_CXX_LIBRARY = "libc++";
				CLANG_ENABLE_MODULES = YES;
				CLANG_ENABLE_OBJC_ARC = YES;
				CLANG_ENABLE_OBJC_WEAK = YES;
				CLANG_WARN_BLOCK_CAPTURE_AUTORELEASING = YES;
				CLANG_WARN_BOOL_CONVERSION = YES;
				CLANG_WARN_COMMA = YES;
				CLANG_WARN_CONSTANT_CONVERSION = YES;
				CLANG_WARN_DEPRECATED_OBJC_IMPLEMENTATIONS = YES;
				CLANG_WARN_DIRECT_OBJC_ISA_USAGE = YES_ERROR;
				CLANG_WARN_DOCUMENTATION_COMMENTS = YES;
				CLANG_WARN_EMPTY_BODY = YES;
				CLANG_WARN_ENUM_CONVERSION = YES;
				CLANG_WARN_INFINITE_RECURSION = YES;
				CLANG_WARN_INT_CONVERSION = YES;
				CLANG_WARN_NON_LITERAL_NULL_CONVERSION = YES;
				CLANG_WARN_OBJC_IMPLICIT_RETAIN_SELF = YES;
				CLANG_WARN_OBJC_LITERAL_CONVERSION = YES;
				CLANG_WARN_OBJC_ROOT_CLASS = YES_ERROR;
				CLANG_WARN_QUOTED_INCLUDE_IN_FRAMEWORK_HEADER = YES;
				CLANG_WARN_RANGE_LOOP_ANALYSIS = YES;
				CLANG_WARN_STRICT_PROTOTYPES = YES;
				CLANG_WARN_SUSPICIOUS_MOVE = YES;
				CLANG_WARN_UNGUARDED_AVAILABILITY = YES_AGGRESSIVE;
				CLANG_WARN_UNREACHABLE_CODE = YES;
				CLANG_WARN__DUPLICATE_METHOD_MATCH = YES;
				COPY_PHASE_STRIP = NO;
				DEBUG_INFORMATION_FORMAT = dwarf;
				ENABLE_STRICT_OBJC_MSGSEND = YES;
				ENABLE_TESTABILITY = YES;
				GCC_C_LANGUAGE_STANDARD = gnu11;
				GCC_DYNAMIC_NO_PIC = NO;
				GCC_NO_COMMON_BLOCKS = YES;
				GCC_OPTIMIZATION_LEVEL = 0;
				GCC_PREPROCESSOR_DEFINITIONS = (
					"DEBUG=1",
					"$(inherited)",
				);
				GCC_WARN_64_TO_32_BIT_CONVERSION = YES;
				GCC_WARN_ABOUT_RETURN_TYPE = YES_ERROR;
				GCC_WARN_UNDECLARED_SELECTOR = YES;
				GCC_WARN_UNINITIALIZED_AUTOS = YES_AGGRESSIVE;
				GCC_WARN_UNUSED_FUNCTION = YES;
				GCC_WARN_UNUSED_VARIABLE = YES;
				IPHONEOS_DEPLOYMENT_TARGET = 14.1;
				MTL_ENABLE_DEBUG_INFO = INCLUDE_SOURCE;
				MTL_FAST_MATH = YES;
				ONLY_ACTIVE_ARCH = YES;
				SDKROOT = iphoneos;
				SWIFT_ACTIVE_COMPILATION_CONDITIONS = DEBUG;
				SWIFT_OPTIMIZATION_LEVEL = "-Onone";
			};
			name = Debug;
		};
		151E569526A5F4BF005D7D05 /* Release */ = {
			isa = XCBuildConfiguration;
			buildSettings = {
				ALWAYS_SEARCH_USER_PATHS = NO;
				CLANG_ANALYZER_NONNULL = YES;
				CLANG_ANALYZER_NUMBER_OBJECT_CONVERSION = YES_AGGRESSIVE;
				CLANG_CXX_LANGUAGE_STANDARD = "gnu++14";
				CLANG_CXX_LIBRARY = "libc++";
				CLANG_ENABLE_MODULES = YES;
				CLANG_ENABLE_OBJC_ARC = YES;
				CLANG_ENABLE_OBJC_WEAK = YES;
				CLANG_WARN_BLOCK_CAPTURE_AUTORELEASING = YES;
				CLANG_WARN_BOOL_CONVERSION = YES;
				CLANG_WARN_COMMA = YES;
				CLANG_WARN_CONSTANT_CONVERSION = YES;
				CLANG_WARN_DEPRECATED_OBJC_IMPLEMENTATIONS = YES;
				CLANG_WARN_DIRECT_OBJC_ISA_USAGE = YES_ERROR;
				CLANG_WARN_DOCUMENTATION_COMMENTS = YES;
				CLANG_WARN_EMPTY_BODY = YES;
				CLANG_WARN_ENUM_CONVERSION = YES;
				CLANG_WARN_INFINITE_RECURSION = YES;
				CLANG_WARN_INT_CONVERSION = YES;
				CLANG_WARN_NON_LITERAL_NULL_CONVERSION = YES;
				CLANG_WARN_OBJC_IMPLICIT_RETAIN_SELF = YES;
				CLANG_WARN_OBJC_LITERAL_CONVERSION = YES;
				CLANG_WARN_OBJC_ROOT_CLASS = YES_ERROR;
				CLANG_WARN_QUOTED_INCLUDE_IN_FRAMEWORK_HEADER = YES;
				CLANG_WARN_RANGE_LOOP_ANALYSIS = YES;
				CLANG_WARN_STRICT_PROTOTYPES = YES;
				CLANG_WARN_SUSPICIOUS_MOVE = YES;
				CLANG_WARN_UNGUARDED_AVAILABILITY = YES_AGGRESSIVE;
				CLANG_WARN_UNREACHABLE_CODE = YES;
				CLANG_WARN__DUPLICATE_METHOD_MATCH = YES;
				COPY_PHASE_STRIP = NO;
				DEBUG_INFORMATION_FORMAT = "dwarf-with-dsym";
				ENABLE_NS_ASSERTIONS = NO;
				ENABLE_STRICT_OBJC_MSGSEND = YES;
				GCC_C_LANGUAGE_STANDARD = gnu11;
				GCC_NO_COMMON_BLOCKS = YES;
				GCC_WARN_64_TO_32_BIT_CONVERSION = YES;
				GCC_WARN_ABOUT_RETURN_TYPE = YES_ERROR;
				GCC_WARN_UNDECLARED_SELECTOR = YES;
				GCC_WARN_UNINITIALIZED_AUTOS = YES_AGGRESSIVE;
				GCC_WARN_UNUSED_FUNCTION = YES;
				GCC_WARN_UNUSED_VARIABLE = YES;
				IPHONEOS_DEPLOYMENT_TARGET = 14.1;
				MTL_ENABLE_DEBUG_INFO = NO;
				MTL_FAST_MATH = YES;
				SDKROOT = iphoneos;
				SWIFT_COMPILATION_MODE = wholemodule;
				SWIFT_OPTIMIZATION_LEVEL = "-O";
				VALIDATE_PRODUCT = YES;
			};
			name = Release;
		};
		151E569726A5F4BF005D7D05 /* Debug */ = {
			isa = XCBuildConfiguration;
			baseConfigurationReference = 0190428E1C4FBF68A2EDFA26 /* Pods-GBShop.debug.xcconfig */;
			buildSettings = {
				ASSETCATALOG_COMPILER_APPICON_NAME = AppIcon;
				ASSETCATALOG_COMPILER_GLOBAL_ACCENT_COLOR_NAME = AccentColor;
				CODE_SIGN_STYLE = Automatic;
				DEVELOPMENT_TEAM = DQ48S8SUS4;
				INFOPLIST_FILE = GBShop/Environments/Info.plist;
				LD_RUNPATH_SEARCH_PATHS = (
					"$(inherited)",
					"@executable_path/Frameworks",
				);
				PRODUCT_BUNDLE_IDENTIFIER = ru.50.AlexanderFomin.GBShop;
				PRODUCT_NAME = "$(TARGET_NAME)";
				SWIFT_VERSION = 5.0;
				TARGETED_DEVICE_FAMILY = 1;
			};
			name = Debug;
		};
		151E569826A5F4BF005D7D05 /* Release */ = {
			isa = XCBuildConfiguration;
			baseConfigurationReference = 44484735F9A4A9DA12975A28 /* Pods-GBShop.release.xcconfig */;
			buildSettings = {
				ASSETCATALOG_COMPILER_APPICON_NAME = AppIcon;
				ASSETCATALOG_COMPILER_GLOBAL_ACCENT_COLOR_NAME = AccentColor;
				CODE_SIGN_STYLE = Automatic;
				DEVELOPMENT_TEAM = DQ48S8SUS4;
				INFOPLIST_FILE = GBShop/Environments/Info.plist;
				LD_RUNPATH_SEARCH_PATHS = (
					"$(inherited)",
					"@executable_path/Frameworks",
				);
				PRODUCT_BUNDLE_IDENTIFIER = ru.50.AlexanderFomin.GBShop;
				PRODUCT_NAME = "$(TARGET_NAME)";
				SWIFT_VERSION = 5.0;
				TARGETED_DEVICE_FAMILY = 1;
			};
			name = Release;
		};
		151E569A26A5F4BF005D7D05 /* Debug */ = {
			isa = XCBuildConfiguration;
			baseConfigurationReference = 9D904EDD33ADE750AC93110D /* Pods-GBShopTests.debug.xcconfig */;
			buildSettings = {
				ALWAYS_EMBED_SWIFT_STANDARD_LIBRARIES = YES;
				BUNDLE_LOADER = "$(TEST_HOST)";
				CODE_SIGN_STYLE = Automatic;
				DEVELOPMENT_TEAM = DQ48S8SUS4;
				INFOPLIST_FILE = GBShopTests/Info.plist;
				IPHONEOS_DEPLOYMENT_TARGET = 14.1;
				LD_RUNPATH_SEARCH_PATHS = (
					"$(inherited)",
					"@executable_path/Frameworks",
					"@loader_path/Frameworks",
				);
				PRODUCT_BUNDLE_IDENTIFIER = ru.50.AlexanderFomin.GBShopTests;
				PRODUCT_NAME = "$(TARGET_NAME)";
				SWIFT_VERSION = 5.0;
				TARGETED_DEVICE_FAMILY = "1,2";
				TEST_HOST = "$(BUILT_PRODUCTS_DIR)/GBShop.app/GBShop";
			};
			name = Debug;
		};
		151E569B26A5F4BF005D7D05 /* Release */ = {
			isa = XCBuildConfiguration;
			baseConfigurationReference = 705876A7CDC09F14D9E7D00E /* Pods-GBShopTests.release.xcconfig */;
			buildSettings = {
				ALWAYS_EMBED_SWIFT_STANDARD_LIBRARIES = YES;
				BUNDLE_LOADER = "$(TEST_HOST)";
				CODE_SIGN_STYLE = Automatic;
				DEVELOPMENT_TEAM = DQ48S8SUS4;
				INFOPLIST_FILE = GBShopTests/Info.plist;
				IPHONEOS_DEPLOYMENT_TARGET = 14.1;
				LD_RUNPATH_SEARCH_PATHS = (
					"$(inherited)",
					"@executable_path/Frameworks",
					"@loader_path/Frameworks",
				);
				PRODUCT_BUNDLE_IDENTIFIER = ru.50.AlexanderFomin.GBShopTests;
				PRODUCT_NAME = "$(TARGET_NAME)";
				SWIFT_VERSION = 5.0;
				TARGETED_DEVICE_FAMILY = "1,2";
				TEST_HOST = "$(BUILT_PRODUCTS_DIR)/GBShop.app/GBShop";
			};
			name = Release;
		};
		151E569D26A5F4BF005D7D05 /* Debug */ = {
			isa = XCBuildConfiguration;
			baseConfigurationReference = 01A2644458D34A6B73FC8975 /* Pods-GBShop-GBShopUITests.debug.xcconfig */;
			buildSettings = {
				ALWAYS_EMBED_SWIFT_STANDARD_LIBRARIES = YES;
				CODE_SIGN_STYLE = Automatic;
				DEVELOPMENT_TEAM = DQ48S8SUS4;
				INFOPLIST_FILE = GBShopUITests/Info.plist;
				LD_RUNPATH_SEARCH_PATHS = (
					"$(inherited)",
					"@executable_path/Frameworks",
					"@loader_path/Frameworks",
				);
				PRODUCT_BUNDLE_IDENTIFIER = ru.50.AlexanderFomin.GBShopUITests;
				PRODUCT_NAME = "$(TARGET_NAME)";
				SWIFT_VERSION = 5.0;
				TARGETED_DEVICE_FAMILY = "1,2";
				TEST_TARGET_NAME = GBShop;
			};
			name = Debug;
		};
		151E569E26A5F4BF005D7D05 /* Release */ = {
			isa = XCBuildConfiguration;
			baseConfigurationReference = C771DEA305C8FC626BDF9F86 /* Pods-GBShop-GBShopUITests.release.xcconfig */;
			buildSettings = {
				ALWAYS_EMBED_SWIFT_STANDARD_LIBRARIES = YES;
				CODE_SIGN_STYLE = Automatic;
				DEVELOPMENT_TEAM = DQ48S8SUS4;
				INFOPLIST_FILE = GBShopUITests/Info.plist;
				LD_RUNPATH_SEARCH_PATHS = (
					"$(inherited)",
					"@executable_path/Frameworks",
					"@loader_path/Frameworks",
				);
				PRODUCT_BUNDLE_IDENTIFIER = ru.50.AlexanderFomin.GBShopUITests;
				PRODUCT_NAME = "$(TARGET_NAME)";
				SWIFT_VERSION = 5.0;
				TARGETED_DEVICE_FAMILY = "1,2";
				TEST_TARGET_NAME = GBShop;
			};
			name = Release;
		};
/* End XCBuildConfiguration section */

/* Begin XCConfigurationList section */
		151E566726A5F4BB005D7D05 /* Build configuration list for PBXProject "GBShop" */ = {
			isa = XCConfigurationList;
			buildConfigurations = (
				151E569426A5F4BF005D7D05 /* Debug */,
				151E569526A5F4BF005D7D05 /* Release */,
			);
			defaultConfigurationIsVisible = 0;
			defaultConfigurationName = Release;
		};
		151E569626A5F4BF005D7D05 /* Build configuration list for PBXNativeTarget "GBShop" */ = {
			isa = XCConfigurationList;
			buildConfigurations = (
				151E569726A5F4BF005D7D05 /* Debug */,
				151E569826A5F4BF005D7D05 /* Release */,
			);
			defaultConfigurationIsVisible = 0;
			defaultConfigurationName = Release;
		};
		151E569926A5F4BF005D7D05 /* Build configuration list for PBXNativeTarget "GBShopTests" */ = {
			isa = XCConfigurationList;
			buildConfigurations = (
				151E569A26A5F4BF005D7D05 /* Debug */,
				151E569B26A5F4BF005D7D05 /* Release */,
			);
			defaultConfigurationIsVisible = 0;
			defaultConfigurationName = Release;
		};
		151E569C26A5F4BF005D7D05 /* Build configuration list for PBXNativeTarget "GBShopUITests" */ = {
			isa = XCConfigurationList;
			buildConfigurations = (
				151E569D26A5F4BF005D7D05 /* Debug */,
				151E569E26A5F4BF005D7D05 /* Release */,
			);
			defaultConfigurationIsVisible = 0;
			defaultConfigurationName = Release;
		};
/* End XCConfigurationList section */
	};
	rootObject = 151E566426A5F4BB005D7D05 /* Project object */;
}
